
Microsoft Visual Studio Solution File, Format Version 12.00
# Visual Studio Version 17
VisualStudioVersion = 17.12.35527.113 d17.12
MinimumVisualStudioVersion = 10.0.40219.1
Project("{FAE04EC0-301F-11D3-BF4B-00C04F79EFBC}") = "Petrol Otomasyon Sistemi", "Petrol Otomasyon Sistemi\Petrol Otomasyon Sistemi.csproj", "{568154A4-3792-4BAF-A6DE-1FF38CB12446}"
EndProject
Global
	GlobalSection(SolutionConfigurationPlatforms) = preSolution
		Debug|Any CPU = Debug|Any CPU
		Release|Any CPU = Release|Any CPU
	EndGlobalSection
	GlobalSection(ProjectConfigurationPlatforms) = postSolution
		{568154A4-3792-4BAF-A6DE-1FF38CB12446}.Debug|Any CPU.ActiveCfg = Debug|Any CPU
		{568154A4-3792-4BAF-A6DE-1FF38CB12446}.Debug|Any CPU.Build.0 = Debug|Any CPU
		{568154A4-3792-4BAF-A6DE-1FF38CB12446}.Release|Any CPU.ActiveCfg = Release|Any CPU
		{568154A4-3792-4BAF-A6DE-1FF38CB12446}.Release|Any CPU.Build.0 = Release|Any CPU
	EndGlobalSection
	GlobalSection(SolutionProperties) = preSolution
		HideSolutionNode = FALSE
	EndGlobalSection
EndGlobal
